
Microsoft Visual Studio Solution File, Format Version 12.00
# Visual Studio Version 16
VisualStudioVersion = 16.0.31402.337
MinimumVisualStudioVersion = 10.0.40219.1
Project("{9A19103F-16F7-4668-BE54-9A1E7A4F7556}") = "CarClassLibrary", "CarClassLibrary\CarClassLibrary.csproj", "{A5C244E3-6B13-48E4-A1B7-4E3678B9A3CB}"
EndProject
Global
	GlobalSection(SolutionConfigurationPlatforms) = preSolution
		Debug|Any CPU = Debug|Any CPU
		Release|Any CPU = Release|Any CPU
	EndGlobalSection
	GlobalSection(ProjectConfigurationPlatforms) = postSolution
		{A5C244E3-6B13-48E4-A1B7-4E3678B9A3CB}.Debug|Any CPU.ActiveCfg = Debug|Any CPU
		{A5C244E3-6B13-48E4-A1B7-4E3678B9A3CB}.Debug|Any CPU.Build.0 = Debug|Any CPU
		{A5C244E3-6B13-48E4-A1B7-4E3678B9A3CB}.Release|Any CPU.ActiveCfg = Release|Any CPU
		{A5C244E3-6B13-48E4-A1B7-4E3678B9A3CB}.Release|Any CPU.Build.0 = Release|Any CPU
	EndGlobalSection
	GlobalSection(SolutionProperties) = preSolution
		HideSolutionNode = FALSE
	EndGlobalSection
	GlobalSection(ExtensibilityGlobals) = postSolution
		SolutionGuid = {51C3AB3A-1A60-482D-BECF-87BA38480CB7}
	EndGlobalSection
EndGlobal
